
Microsoft Visual Studio Solution File, Format Version 12.00
# Visual Studio 14
VisualStudioVersion = 14.0.25420.1
MinimumVisualStudioVersion = 10.0.40219.1
Project("{FAE04EC0-301F-11D3-BF4B-00C04F79EFBC}") = "Latihan_DA", "Latihan_DA.csproj", "{691C13EB-F003-42C0-B521-8033CAD752CA}"
EndProject
Global
	GlobalSection(SolutionConfigurationPlatforms) = preSolution
		Debug|Any CPU = Debug|Any CPU
		Release|Any CPU = Release|Any CPU
	EndGlobalSection
	GlobalSection(ProjectConfigurationPlatforms) = postSolution
		{691C13EB-F003-42C0-B521-8033CAD752CA}.Debug|Any CPU.ActiveCfg = Debug|Any CPU
		{691C13EB-F003-42C0-B521-8033CAD752CA}.Debug|Any CPU.Build.0 = Debug|Any CPU
		{691C13EB-F003-42C0-B521-8033CAD752CA}.Release|Any CPU.ActiveCfg = Release|Any CPU
		{691C13EB-F003-42C0-B521-8033CAD752CA}.Release|Any CPU.Build.0 = Release|Any CPU
	EndGlobalSection
	GlobalSection(SolutionProperties) = preSolution
		HideSolutionNode = FALSE
	EndGlobalSection
EndGlobal
